<?xml version="1.0" encoding="utf-8"?>
<Project ToolsVersion="4.0" xmlns="http://schemas.microsoft.com/developer/msbuild/2003">
  <ItemGroup>
    <Filter Include="Birch">
      <UniqueIdentifier>{4DD7E40C-B9EB-0CBE-826D-B01DEE4009EF}</UniqueIdentifier>
    </Filter>
    <Filter Include="Birch\Events">
      <UniqueIdentifier>{91AA6F49-7D0D-FFED-2693-37A412D5CA70}</UniqueIdentifier>
    </Filter>
  </ItemGroup>
  <ItemGroup>
    <ClInclude Include="src\Birch.h" />
    <ClInclude Include="src\Birch\Application.h">
      <Filter>Birch</Filter>
    </ClInclude>
    <ClInclude Include="src\Birch\Core.h">
      <Filter>Birch</Filter>
    </ClInclude>
    <ClInclude Include="src\Birch\EntryPoint.h">
      <Filter>Birch</Filter>
    </ClInclude>
    <ClInclude Include="src\Birch\Events\ApplicationEvent.h">
      <Filter>Birch\Events</Filter>
    </ClInclude>
    <ClInclude Include="src\Birch\Events\Event.h">
      <Filter>Birch\Events</Filter>
    </ClInclude>
    <ClInclude Include="src\Birch\Events\KeyEvent.h">
      <Filter>Birch\Events</Filter>
    </ClInclude>
    <ClInclude Include="src\Birch\Events\MouseEvent.h">
      <Filter>Birch\Events</Filter>
    </ClInclude>
    <ClInclude Include="src\Birch\Log.h">
      <Filter>Birch</Filter>
    </ClInclude>
    <ClInclude Include="src\brpch.h" />
  </ItemGroup>
  <ItemGroup>
    <ClCompile Include="src\Birch\Application.cpp">
      <Filter>Birch</Filter>
    </ClCompile>
    <ClCompile Include="src\Birch\Log.cpp">
      <Filter>Birch</Filter>
    </ClCompile>
    <ClCompile Include="src\brpch.cpp" />
  </ItemGroup>
</Project>